
Microsoft Visual Studio Solution File, Format Version 12.00
# Visual Studio Version 17
VisualStudioVersion = 17.9.34701.34
MinimumVisualStudioVersion = 10.0.40219.1
Project("{FAE04EC0-301F-11D3-BF4B-00C04F79EFBC}") = "SQLforPika", "SQLforPika\SQLforPika.csproj", "{5B52E24C-5C59-496F-A888-546DD3EFCD98}"
EndProject
Global
	GlobalSection(SolutionConfigurationPlatforms) = preSolution
		Debug|Any CPU = Debug|Any CPU
		Release|Any CPU = Release|Any CPU
	EndGlobalSection
	GlobalSection(ProjectConfigurationPlatforms) = postSolution
		{5B52E24C-5C59-496F-A888-546DD3EFCD98}.Debug|Any CPU.ActiveCfg = Debug|Any CPU
		{5B52E24C-5C59-496F-A888-546DD3EFCD98}.Debug|Any CPU.Build.0 = Debug|Any CPU
		{5B52E24C-5C59-496F-A888-546DD3EFCD98}.Debug|Any CPU.Deploy.0 = Debug|Any CPU
		{5B52E24C-5C59-496F-A888-546DD3EFCD98}.Release|Any CPU.ActiveCfg = Release|Any CPU
		{5B52E24C-5C59-496F-A888-546DD3EFCD98}.Release|Any CPU.Build.0 = Release|Any CPU
		{5B52E24C-5C59-496F-A888-546DD3EFCD98}.Release|Any CPU.Deploy.0 = Release|Any CPU
	EndGlobalSection
	GlobalSection(SolutionProperties) = preSolution
		HideSolutionNode = FALSE
	EndGlobalSection
	GlobalSection(ExtensibilityGlobals) = postSolution
		SolutionGuid = {547F2923-6625-4DE6-A6A4-6CD545B8E217}
	EndGlobalSection
EndGlobal
